// !$*UTF8*$!
{
	archiveVersion = 1;
	classes = {
	};
	objectVersion = 50;
	objects = {

/* Begin PBXBuildFile section */
		53081829234651D700A59059 /* AppDelegate.swift in Sources */ = {isa = PBXBuildFile; fileRef = 53081828234651D700A59059 /* AppDelegate.swift */; };
		5308182B234651D700A59059 /* SceneDelegate.swift in Sources */ = {isa = PBXBuildFile; fileRef = 5308182A234651D700A59059 /* SceneDelegate.swift */; };
		5308182F234651D800A59059 /* Assets.xcassets in Resources */ = {isa = PBXBuildFile; fileRef = 5308182E234651D800A59059 /* Assets.xcassets */; };
		53081832234651D800A59059 /* Preview Assets.xcassets in Resources */ = {isa = PBXBuildFile; fileRef = 53081831234651D800A59059 /* Preview Assets.xcassets */; };
		53081835234651D800A59059 /* LaunchScreen.storyboard in Resources */ = {isa = PBXBuildFile; fileRef = 53081833234651D800A59059 /* LaunchScreen.storyboard */; };
		5308183D2346668F00A59059 /* CircleImage.swift in Sources */ = {isa = PBXBuildFile; fileRef = 5308183C2346668F00A59059 /* CircleImage.swift */; };
		5308183F2346695B00A59059 /* MapView.swift in Sources */ = {isa = PBXBuildFile; fileRef = 5308183E2346695B00A59059 /* MapView.swift */; };
		53D690ED234678F6004525A1 /* Data.swift in Sources */ = {isa = PBXBuildFile; fileRef = 53D690EC234678F6004525A1 /* Data.swift */; };
		53D690EF23467902004525A1 /* Landmark.swift in Sources */ = {isa = PBXBuildFile; fileRef = 53D690EE23467902004525A1 /* Landmark.swift */; };
		53D69106234679D0004525A1 /* rainbowlake.jpg in Resources */ = {isa = PBXBuildFile; fileRef = 53D690F9234679D0004525A1 /* rainbowlake.jpg */; };
		53D69107234679D0004525A1 /* lakemcdonald.jpg in Resources */ = {isa = PBXBuildFile; fileRef = 53D690FA234679D0004525A1 /* lakemcdonald.jpg */; };
		53D69108234679D0004525A1 /* silversalmoncreek.jpg in Resources */ = {isa = PBXBuildFile; fileRef = 53D690FB234679D0004525A1 /* silversalmoncreek.jpg */; };
		53D69109234679D0004525A1 /* umbagog.jpg in Resources */ = {isa = PBXBuildFile; fileRef = 53D690FC234679D0004525A1 /* umbagog.jpg */; };
		53D6910A234679D0004525A1 /* stmarylake.jpg in Resources */ = {isa = PBXBuildFile; fileRef = 53D690FD234679D0004525A1 /* stmarylake.jpg */; };
		53D6910B234679D0004525A1 /* yukon_charleyrivers.jpg in Resources */ = {isa = PBXBuildFile; fileRef = 53D690FE234679D0004525A1 /* yukon_charleyrivers.jpg */; };
		53D6910C234679D0004525A1 /* turtlerock.jpg in Resources */ = {isa = PBXBuildFile; fileRef = 53D690FF234679D0004525A1 /* turtlerock.jpg */; };
		53D6910D234679D0004525A1 /* twinlake.jpg in Resources */ = {isa = PBXBuildFile; fileRef = 53D69100234679D0004525A1 /* twinlake.jpg */; };
		53D6910E234679D0004525A1 /* hiddenlake.jpg in Resources */ = {isa = PBXBuildFile; fileRef = 53D69101234679D0004525A1 /* hiddenlake.jpg */; };
		53D6910F234679D0004525A1 /* landmarkData.json in Resources */ = {isa = PBXBuildFile; fileRef = 53D69102234679D0004525A1 /* landmarkData.json */; };
		53D69110234679D0004525A1 /* icybay.jpg in Resources */ = {isa = PBXBuildFile; fileRef = 53D69103234679D0004525A1 /* icybay.jpg */; };
		53D69111234679D0004525A1 /* chincoteague.jpg in Resources */ = {isa = PBXBuildFile; fileRef = 53D69104234679D0004525A1 /* chincoteague.jpg */; };
		53D69112234679D0004525A1 /* chilkoottrail.jpg in Resources */ = {isa = PBXBuildFile; fileRef = 53D69105234679D0004525A1 /* chilkoottrail.jpg */; };
		53D6911623467A4D004525A1 /* LandmarkList.swift in Sources */ = {isa = PBXBuildFile; fileRef = 53D6911323467A4C004525A1 /* LandmarkList.swift */; };
		53D6911723467A4D004525A1 /* LandmarkRow.swift in Sources */ = {isa = PBXBuildFile; fileRef = 53D6911423467A4C004525A1 /* LandmarkRow.swift */; };
		53D6911823467A4D004525A1 /* LandmarkDetail.swift in Sources */ = {isa = PBXBuildFile; fileRef = 53D6911523467A4D004525A1 /* LandmarkDetail.swift */; };
/* End PBXBuildFile section */

/* Begin PBXFileReference section */
		53081825234651D700A59059 /* Landmarks.app */ = {isa = PBXFileReference; explicitFileType = wrapper.application; includeInIndex = 0; path = Landmarks.app; sourceTree = BUILT_PRODUCTS_DIR; };
		53081828234651D700A59059 /* AppDelegate.swift */ = {isa = PBXFileReference; lastKnownFileType = sourcecode.swift; path = AppDelegate.swift; sourceTree = "<group>"; };
		5308182A234651D700A59059 /* SceneDelegate.swift */ = {isa = PBXFileReference; lastKnownFileType = sourcecode.swift; path = SceneDelegate.swift; sourceTree = "<group>"; };
		5308182E234651D800A59059 /* Assets.xcassets */ = {isa = PBXFileReference; lastKnownFileType = folder.assetcatalog; path = Assets.xcassets; sourceTree = "<group>"; };
		53081831234651D800A59059 /* Preview Assets.xcassets */ = {isa = PBXFileReference; lastKnownFileType = folder.assetcatalog; path = "Preview Assets.xcassets"; sourceTree = "<group>"; };
		53081834234651D800A59059 /* Base */ = {isa = PBXFileReference; lastKnownFileType = file.storyboard; name = Base; path = Base.lproj/LaunchScreen.storyboard; sourceTree = "<group>"; };
		53081836234651D800A59059 /* Info.plist */ = {isa = PBXFileReference; lastKnownFileType = text.plist.xml; path = Info.plist; sourceTree = "<group>"; };
		5308183C2346668F00A59059 /* CircleImage.swift */ = {isa = PBXFileReference; lastKnownFileType = sourcecode.swift; path = CircleImage.swift; sourceTree = "<group>"; };
		5308183E2346695B00A59059 /* MapView.swift */ = {isa = PBXFileReference; lastKnownFileType = sourcecode.swift; path = MapView.swift; sourceTree = "<group>"; };
		53D690EC234678F6004525A1 /* Data.swift */ = {isa = PBXFileReference; lastKnownFileType = sourcecode.swift; path = Data.swift; sourceTree = "<group>"; };
		53D690EE23467902004525A1 /* Landmark.swift */ = {isa = PBXFileReference; lastKnownFileType = sourcecode.swift; path = Landmark.swift; sourceTree = "<group>"; };
		53D690F9234679D0004525A1 /* rainbowlake.jpg */ = {isa = PBXFileReference; lastKnownFileType = image.jpeg; path = rainbowlake.jpg; sourceTree = "<group>"; };
		53D690FA234679D0004525A1 /* lakemcdonald.jpg */ = {isa = PBXFileReference; lastKnownFileType = image.jpeg; path = lakemcdonald.jpg; sourceTree = "<group>"; };
		53D690FB234679D0004525A1 /* silversalmoncreek.jpg */ = {isa = PBXFileReference; lastKnownFileType = image.jpeg; path = silversalmoncreek.jpg; sourceTree = "<group>"; };
		53D690FC234679D0004525A1 /* umbagog.jpg */ = {isa = PBXFileReference; lastKnownFileType = image.jpeg; path = umbagog.jpg; sourceTree = "<group>"; };
		53D690FD234679D0004525A1 /* stmarylake.jpg */ = {isa = PBXFileReference; lastKnownFileType = image.jpeg; path = stmarylake.jpg; sourceTree = "<group>"; };
		53D690FE234679D0004525A1 /* yukon_charleyrivers.jpg */ = {isa = PBXFileReference; lastKnownFileType = image.jpeg; path = yukon_charleyrivers.jpg; sourceTree = "<group>"; };
		53D690FF234679D0004525A1 /* turtlerock.jpg */ = {isa = PBXFileReference; lastKnownFileType = image.jpeg; path = turtlerock.jpg; sourceTree = "<group>"; };
		53D69100234679D0004525A1 /* twinlake.jpg */ = {isa = PBXFileReference; lastKnownFileType = image.jpeg; path = twinlake.jpg; sourceTree = "<group>"; };
		53D69101234679D0004525A1 /* hiddenlake.jpg */ = {isa = PBXFileReference; lastKnownFileType = image.jpeg; path = hiddenlake.jpg; sourceTree = "<group>"; };
		53D69102234679D0004525A1 /* landmarkData.json */ = {isa = PBXFileReference; fileEncoding = 4; lastKnownFileType = text.json; path = landmarkData.json; sourceTree = "<group>"; };
		53D69103234679D0004525A1 /* icybay.jpg */ = {isa = PBXFileReference; lastKnownFileType = image.jpeg; path = icybay.jpg; sourceTree = "<group>"; };
		53D69104234679D0004525A1 /* chincoteague.jpg */ = {isa = PBXFileReference; lastKnownFileType = image.jpeg; path = chincoteague.jpg; sourceTree = "<group>"; };
		53D69105234679D0004525A1 /* chilkoottrail.jpg */ = {isa = PBXFileReference; lastKnownFileType = image.jpeg; path = chilkoottrail.jpg; sourceTree = "<group>"; };
		53D6911323467A4C004525A1 /* LandmarkList.swift */ = {isa = PBXFileReference; fileEncoding = 4; lastKnownFileType = sourcecode.swift; path = LandmarkList.swift; sourceTree = "<group>"; };
		53D6911423467A4C004525A1 /* LandmarkRow.swift */ = {isa = PBXFileReference; fileEncoding = 4; lastKnownFileType = sourcecode.swift; path = LandmarkRow.swift; sourceTree = "<group>"; };
		53D6911523467A4D004525A1 /* LandmarkDetail.swift */ = {isa = PBXFileReference; fileEncoding = 4; lastKnownFileType = sourcecode.swift; path = LandmarkDetail.swift; sourceTree = "<group>"; };
/* End PBXFileReference section */

/* Begin PBXFrameworksBuildPhase section */
		53081822234651D700A59059 /* Frameworks */ = {
			isa = PBXFrameworksBuildPhase;
			buildActionMask = 2147483647;
			files = (
			);
			runOnlyForDeploymentPostprocessing = 0;
		};
/* End PBXFrameworksBuildPhase section */

/* Begin PBXGroup section */
		5308181C234651D700A59059 = {
			isa = PBXGroup;
			children = (
				53081827234651D700A59059 /* Landmarks */,
				53081826234651D700A59059 /* Products */,
			);
			sourceTree = "<group>";
		};
		53081826234651D700A59059 /* Products */ = {
			isa = PBXGroup;
			children = (
				53081825234651D700A59059 /* Landmarks.app */,
			);
			name = Products;
			sourceTree = "<group>";
		};
		53081827234651D700A59059 /* Landmarks */ = {
			isa = PBXGroup;
			children = (
				53D6911523467A4D004525A1 /* LandmarkDetail.swift */,
				53D6911323467A4C004525A1 /* LandmarkList.swift */,
				53D6911423467A4C004525A1 /* LandmarkRow.swift */,
				53D690F023467907004525A1 /* Resources */,
				53D690EB234678EA004525A1 /* Models */,
				53081828234651D700A59059 /* AppDelegate.swift */,
				5308182A234651D700A59059 /* SceneDelegate.swift */,
				5308182E234651D800A59059 /* Assets.xcassets */,
				53081833234651D800A59059 /* LaunchScreen.storyboard */,
				53081836234651D800A59059 /* Info.plist */,
				53081830234651D800A59059 /* Preview Content */,
				5308183C2346668F00A59059 /* CircleImage.swift */,
				5308183E2346695B00A59059 /* MapView.swift */,
			);
			path = Landmarks;
			sourceTree = "<group>";
		};
		53081830234651D800A59059 /* Preview Content */ = {
			isa = PBXGroup;
			children = (
				53081831234651D800A59059 /* Preview Assets.xcassets */,
			);
			path = "Preview Content";
			sourceTree = "<group>";
		};
		53D690EB234678EA004525A1 /* Models */ = {
			isa = PBXGroup;
			children = (
				53D690EC234678F6004525A1 /* Data.swift */,
				53D690EE23467902004525A1 /* Landmark.swift */,
			);
			path = Models;
			sourceTree = "<group>";
		};
		53D690F023467907004525A1 /* Resources */ = {
			isa = PBXGroup;
			children = (
				53D69105234679D0004525A1 /* chilkoottrail.jpg */,
				53D69104234679D0004525A1 /* chincoteague.jpg */,
				53D69101234679D0004525A1 /* hiddenlake.jpg */,
				53D69103234679D0004525A1 /* icybay.jpg */,
				53D690FA234679D0004525A1 /* lakemcdonald.jpg */,
				53D69102234679D0004525A1 /* landmarkData.json */,
				53D690F9234679D0004525A1 /* rainbowlake.jpg */,
				53D690FB234679D0004525A1 /* silversalmoncreek.jpg */,
				53D690FD234679D0004525A1 /* stmarylake.jpg */,
				53D690FF234679D0004525A1 /* turtlerock.jpg */,
				53D69100234679D0004525A1 /* twinlake.jpg */,
				53D690FC234679D0004525A1 /* umbagog.jpg */,
				53D690FE234679D0004525A1 /* yukon_charleyrivers.jpg */,
			);
			path = Resources;
			sourceTree = "<group>";
		};
/* End PBXGroup section */

/* Begin PBXNativeTarget section */
		53081824234651D700A59059 /* Landmarks */ = {
			isa = PBXNativeTarget;
			buildConfigurationList = 53081839234651D800A59059 /* Build configuration list for PBXNativeTarget "Landmarks" */;
			buildPhases = (
				53081821234651D700A59059 /* Sources */,
				53081822234651D700A59059 /* Frameworks */,
				53081823234651D700A59059 /* Resources */,
			);
			buildRules = (
			);
			dependencies = (
			);
			name = Landmarks;
			productName = Landmarks;
			productReference = 53081825234651D700A59059 /* Landmarks.app */;
			productType = "com.apple.product-type.application";
		};
/* End PBXNativeTarget section */

/* Begin PBXProject section */
		5308181D234651D700A59059 /* Project object */ = {
			isa = PBXProject;
			attributes = {
				LastSwiftUpdateCheck = 1100;
				LastUpgradeCheck = 1100;
				ORGANIZATIONNAME = "Leandro Oliveira";
				TargetAttributes = {
					53081824234651D700A59059 = {
						CreatedOnToolsVersion = 11.0;
					};
				};
			};
			buildConfigurationList = 53081820234651D700A59059 /* Build configuration list for PBXProject "Landmarks" */;
			compatibilityVersion = "Xcode 9.3";
			developmentRegion = en;
			hasScannedForEncodings = 0;
			knownRegions = (
				en,
				Base,
			);
			mainGroup = 5308181C234651D700A59059;
			productRefGroup = 53081826234651D700A59059 /* Products */;
			projectDirPath = "";
			projectRoot = "";
			targets = (
				53081824234651D700A59059 /* Landmarks */,
			);
		};
/* End PBXProject section */

/* Begin PBXResourcesBuildPhase section */
		53081823234651D700A59059 /* Resources */ = {
			isa = PBXResourcesBuildPhase;
			buildActionMask = 2147483647;
			files = (
				53081835234651D800A59059 /* LaunchScreen.storyboard in Resources */,
				53D69107234679D0004525A1 /* lakemcdonald.jpg in Resources */,
				53D6910A234679D0004525A1 /* stmarylake.jpg in Resources */,
				53D69109234679D0004525A1 /* umbagog.jpg in Resources */,
				53D6910F234679D0004525A1 /* landmarkData.json in Resources */,
				53D6910C234679D0004525A1 /* turtlerock.jpg in Resources */,
				53D6910B234679D0004525A1 /* yukon_charleyrivers.jpg in Resources */,
				53D69106234679D0004525A1 /* rainbowlake.jpg in Resources */,
				53D69108234679D0004525A1 /* silversalmoncreek.jpg in Resources */,
				53D69112234679D0004525A1 /* chilkoottrail.jpg in Resources */,
				53D69111234679D0004525A1 /* chincoteague.jpg in Resources */,
				53081832234651D800A59059 /* Preview Assets.xcassets in Resources */,
				5308182F234651D800A59059 /* Assets.xcassets in Resources */,
				53D6910E234679D0004525A1 /* hiddenlake.jpg in Resources */,
				53D69110234679D0004525A1 /* icybay.jpg in Resources */,
				53D6910D234679D0004525A1 /* twinlake.jpg in Resources */,
			);
			runOnlyForDeploymentPostprocessing = 0;
		};
/* End PBXResourcesBuildPhase section */

/* Begin PBXSourcesBuildPhase section */
		53081821234651D700A59059 /* Sources */ = {
			isa = PBXSourcesBuildPhase;
			buildActionMask = 2147483647;
			files = (
				53D690EF23467902004525A1 /* Landmark.swift in Sources */,
				53081829234651D700A59059 /* AppDelegate.swift in Sources */,
				53D690ED234678F6004525A1 /* Data.swift in Sources */,
				53D6911623467A4D004525A1 /* LandmarkList.swift in Sources */,
				53D6911823467A4D004525A1 /* LandmarkDetail.swift in Sources */,
				5308182B234651D700A59059 /* SceneDelegate.swift in Sources */,
				5308183F2346695B00A59059 /* MapView.swift in Sources */,
				53D6911723467A4D004525A1 /* LandmarkRow.swift in Sources */,
				5308183D2346668F00A59059 /* CircleImage.swift in Sources */,
			);
			runOnlyForDeploymentPostprocessing = 0;
		};
/* End PBXSourcesBuildPhase section */

/* Begin PBXVariantGroup section */
		53081833234651D800A59059 /* LaunchScreen.storyboard */ = {
			isa = PBXVariantGroup;
			children = (
				53081834234651D800A59059 /* Base */,
			);
			name = LaunchScreen.storyboard;
			sourceTree = "<group>";
		};
/* End PBXVariantGroup section */

/* Begin XCBuildConfiguration section */
		53081837234651D800A59059 /* Debug */ = {
			isa = XCBuildConfiguration;
			buildSettings = {
				ALWAYS_SEARCH_USER_PATHS = NO;
				CLANG_ANALYZER_NONNULL = YES;
				CLANG_ANALYZER_NUMBER_OBJECT_CONVERSION = YES_AGGRESSIVE;
				CLANG_CXX_LANGUAGE_STANDARD = "gnu++14";
				CLANG_CXX_LIBRARY = "libc++";
				CLANG_ENABLE_MODULES = YES;
				CLANG_ENABLE_OBJC_ARC = YES;
				CLANG_ENABLE_OBJC_WEAK = YES;
				CLANG_WARN_BLOCK_CAPTURE_AUTORELEASING = YES;
				CLANG_WARN_BOOL_CONVERSION = YES;
				CLANG_WARN_COMMA = YES;
				CLANG_WARN_CONSTANT_CONVERSION = YES;
				CLANG_WARN_DEPRECATED_OBJC_IMPLEMENTATIONS = YES;
				CLANG_WARN_DIRECT_OBJC_ISA_USAGE = YES_ERROR;
				CLANG_WARN_DOCUMENTATION_COMMENTS = YES;
				CLANG_WARN_EMPTY_BODY = YES;
				CLANG_WARN_ENUM_CONVERSION = YES;
				CLANG_WARN_INFINITE_RECURSION = YES;
				CLANG_WARN_INT_CONVERSION = YES;
				CLANG_WARN_NON_LITERAL_NULL_CONVERSION = YES;
				CLANG_WARN_OBJC_IMPLICIT_RETAIN_SELF = YES;
				CLANG_WARN_OBJC_LITERAL_CONVERSION = YES;
				CLANG_WARN_OBJC_ROOT_CLASS = YES_ERROR;
				CLANG_WARN_RANGE_LOOP_ANALYSIS = YES;
				CLANG_WARN_STRICT_PROTOTYPES = YES;
				CLANG_WARN_SUSPICIOUS_MOVE = YES;
				CLANG_WARN_UNGUARDED_AVAILABILITY = YES_AGGRESSIVE;
				CLANG_WARN_UNREACHABLE_CODE = YES;
				CLANG_WARN__DUPLICATE_METHOD_MATCH = YES;
				COPY_PHASE_STRIP = NO;
				DEBUG_INFORMATION_FORMAT = dwarf;
				ENABLE_STRICT_OBJC_MSGSEND = YES;
				ENABLE_TESTABILITY = YES;
				GCC_C_LANGUAGE_STANDARD = gnu11;
				GCC_DYNAMIC_NO_PIC = NO;
				GCC_NO_COMMON_BLOCKS = YES;
				GCC_OPTIMIZATION_LEVEL = 0;
				GCC_PREPROCESSOR_DEFINITIONS = (
					"DEBUG=1",
					"$(inherited)",
				);
				GCC_WARN_64_TO_32_BIT_CONVERSION = YES;
				GCC_WARN_ABOUT_RETURN_TYPE = YES_ERROR;
				GCC_WARN_UNDECLARED_SELECTOR = YES;
				GCC_WARN_UNINITIALIZED_AUTOS = YES_AGGRESSIVE;
				GCC_WARN_UNUSED_FUNCTION = YES;
				GCC_WARN_UNUSED_VARIABLE = YES;
				IPHONEOS_DEPLOYMENT_TARGET = 13.0;
				MTL_ENABLE_DEBUG_INFO = INCLUDE_SOURCE;
				MTL_FAST_MATH = YES;
				ONLY_ACTIVE_ARCH = YES;
				SDKROOT = iphoneos;
				SWIFT_ACTIVE_COMPILATION_CONDITIONS = DEBUG;
				SWIFT_OPTIMIZATION_LEVEL = "-Onone";
			};
			name = Debug;
		};
		53081838234651D800A59059 /* Release */ = {
			isa = XCBuildConfiguration;
			buildSettings = {
				ALWAYS_SEARCH_USER_PATHS = NO;
				CLANG_ANALYZER_NONNULL = YES;
				CLANG_ANALYZER_NUMBER_OBJECT_CONVERSION = YES_AGGRESSIVE;
				CLANG_CXX_LANGUAGE_STANDARD = "gnu++14";
				CLANG_CXX_LIBRARY = "libc++";
				CLANG_ENABLE_MODULES = YES;
				CLANG_ENABLE_OBJC_ARC = YES;
				CLANG_ENABLE_OBJC_WEAK = YES;
				CLANG_WARN_BLOCK_CAPTURE_AUTORELEASING = YES;
				CLANG_WARN_BOOL_CONVERSION = YES;
				CLANG_WARN_COMMA = YES;
				CLANG_WARN_CONSTANT_CONVERSION = YES;
				CLANG_WARN_DEPRECATED_OBJC_IMPLEMENTATIONS = YES;
				CLANG_WARN_DIRECT_OBJC_ISA_USAGE = YES_ERROR;
				CLANG_WARN_DOCUMENTATION_COMMENTS = YES;
				CLANG_WARN_EMPTY_BODY = YES;
				CLANG_WARN_ENUM_CONVERSION = YES;
				CLANG_WARN_INFINITE_RECURSION = YES;
				CLANG_WARN_INT_CONVERSION = YES;
				CLANG_WARN_NON_LITERAL_NULL_CONVERSION = YES;
				CLANG_WARN_OBJC_IMPLICIT_RETAIN_SELF = YES;
				CLANG_WARN_OBJC_LITERAL_CONVERSION = YES;
				CLANG_WARN_OBJC_ROOT_CLASS = YES_ERROR;
				CLANG_WARN_RANGE_LOOP_ANALYSIS = YES;
				CLANG_WARN_STRICT_PROTOTYPES = YES;
				CLANG_WARN_SUSPICIOUS_MOVE = YES;
				CLANG_WARN_UNGUARDED_AVAILABILITY = YES_AGGRESSIVE;
				CLANG_WARN_UNREACHABLE_CODE = YES;
				CLANG_WARN__DUPLICATE_METHOD_MATCH = YES;
				COPY_PHASE_STRIP = NO;
				DEBUG_INFORMATION_FORMAT = "dwarf-with-dsym";
				ENABLE_NS_ASSERTIONS = NO;
				ENABLE_STRICT_OBJC_MSGSEND = YES;
				GCC_C_LANGUAGE_STANDARD = gnu11;
				GCC_NO_COMMON_BLOCKS = YES;
				GCC_WARN_64_TO_32_BIT_CONVERSION = YES;
				GCC_WARN_ABOUT_RETURN_TYPE = YES_ERROR;
				GCC_WARN_UNDECLARED_SELECTOR = YES;
				GCC_WARN_UNINITIALIZED_AUTOS = YES_AGGRESSIVE;
				GCC_WARN_UNUSED_FUNCTION = YES;
				GCC_WARN_UNUSED_VARIABLE = YES;
				IPHONEOS_DEPLOYMENT_TARGET = 13.0;
				MTL_ENABLE_DEBUG_INFO = NO;
				MTL_FAST_MATH = YES;
				SDKROOT = iphoneos;
				SWIFT_COMPILATION_MODE = wholemodule;
				SWIFT_OPTIMIZATION_LEVEL = "-O";
				VALIDATE_PRODUCT = YES;
			};
			name = Release;
		};
		5308183A234651D800A59059 /* Debug */ = {
			isa = XCBuildConfiguration;
			buildSettings = {
				ASSETCATALOG_COMPILER_APPICON_NAME = AppIcon;
				CODE_SIGN_STYLE = Automatic;
				DEVELOPMENT_ASSET_PATHS = "\"Landmarks/Preview Content\"";
				DEVELOPMENT_TEAM = W37KBBDQBC;
				ENABLE_PREVIEWS = YES;
				INFOPLIST_FILE = Landmarks/Info.plist;
				LD_RUNPATH_SEARCH_PATHS = (
					"$(inherited)",
					"@executable_path/Frameworks",
				);
				PRODUCT_BUNDLE_IDENTIFIER = com.oliveiracode.Landmarks;
				PRODUCT_NAME = "$(TARGET_NAME)";
				SWIFT_VERSION = 5.0;
				TARGETED_DEVICE_FAMILY = "1,2";
			};
			name = Debug;
		};
		5308183B234651D800A59059 /* Release */ = {
			isa = XCBuildConfiguration;
			buildSettings = {
				ASSETCATALOG_COMPILER_APPICON_NAME = AppIcon;
				CODE_SIGN_STYLE = Automatic;
				DEVELOPMENT_ASSET_PATHS = "\"Landmarks/Preview Content\"";
				DEVELOPMENT_TEAM = W37KBBDQBC;
				ENABLE_PREVIEWS = YES;
				INFOPLIST_FILE = Landmarks/Info.plist;
				LD_RUNPATH_SEARCH_PATHS = (
					"$(inherited)",
					"@executable_path/Frameworks",
				);
				PRODUCT_BUNDLE_IDENTIFIER = com.oliveiracode.Landmarks;
				PRODUCT_NAME = "$(TARGET_NAME)";
				SWIFT_VERSION = 5.0;
				TARGETED_DEVICE_FAMILY = "1,2";
			};
			name = Release;
		};
/* End XCBuildConfiguration section */

/* Begin XCConfigurationList section */
		53081820234651D700A59059 /* Build configuration list for PBXProject "Landmarks" */ = {
			isa = XCConfigurationList;
			buildConfigurations = (
				53081837234651D800A59059 /* Debug */,
				53081838234651D800A59059 /* Release */,
			);
			defaultConfigurationIsVisible = 0;
			defaultConfigurationName = Release;
		};
		53081839234651D800A59059 /* Build configuration list for PBXNativeTarget "Landmarks" */ = {
			isa = XCConfigurationList;
			buildConfigurations = (
				5308183A234651D800A59059 /* Debug */,
				5308183B234651D800A59059 /* Release */,
			);
			defaultConfigurationIsVisible = 0;
			defaultConfigurationName = Release;
		};
/* End XCConfigurationList section */
	};
	rootObject = 5308181D234651D700A59059 /* Project object */;
}
